
Microsoft Visual Studio Solution File, Format Version 12.00
# Visual Studio 2012
Project("{FAE04EC0-301F-11D3-BF4B-00C04F79EFBC}") = "BlobTransferUtility", "BlobTransferUtility\BlobTransferUtility.csproj", "{B574C94A-6894-4988-AB79-E0DCF84BC22C}"
EndProject
Global
	GlobalSection(TeamFoundationVersionControl) = preSolution
		SccNumberOfProjects = 2
		SccEnterpriseProvider = {4CA58AB2-18FA-4F8D-95D4-32DDF27D184C}
		SccTeamFoundationServer = https://tfs.codeplex.com/tfs/tfs15
		SccLocalPath0 = .
		SccProjectUniqueName1 = BlobTransferUtility\\BlobTransferUtility.csproj
		SccProjectName1 = BlobTransferUtility
		SccLocalPath1 = BlobTransferUtility
	EndGlobalSection
	GlobalSection(SolutionConfigurationPlatforms) = preSolution
		Debug|Any CPU = Debug|Any CPU
		Release|Any CPU = Release|Any CPU
	EndGlobalSection
	GlobalSection(ProjectConfigurationPlatforms) = postSolution
		{B574C94A-6894-4988-AB79-E0DCF84BC22C}.Debug|Any CPU.ActiveCfg = Debug|Any CPU
		{B574C94A-6894-4988-AB79-E0DCF84BC22C}.Debug|Any CPU.Build.0 = Debug|Any CPU
		{B574C94A-6894-4988-AB79-E0DCF84BC22C}.Release|Any CPU.ActiveCfg = Release|Any CPU
		{B574C94A-6894-4988-AB79-E0DCF84BC22C}.Release|Any CPU.Build.0 = Release|Any CPU
	EndGlobalSection
	GlobalSection(SolutionProperties) = preSolution
		HideSolutionNode = FALSE
	EndGlobalSection
EndGlobal
